# This file is generated by running "yarn install" inside your project.
# Manual changes might be lost - proceed with caution!

__metadata:
  version: 8
  cacheKey: 10c0

"@assemblyscript/loader@npm:^0.19.21":
  version: 0.19.23
  resolution: "@assemblyscript/loader@npm:0.19.23"
  checksum: 10c0/ddd1d86f1453bd7f112471ffbb4fe2b8145342dc10d2062a1aab05265bc1ffdea497d7d61789dbe58c8751b5fdd23aba15a28301c0e30df0434f57ec021844fb
  languageName: node
  linkType: hard

"@biomejs/biome@npm:1.9.4":
  version: 1.9.4
  resolution: "@biomejs/biome@npm:1.9.4"
  dependencies:
    "@biomejs/cli-darwin-arm64": "npm:1.9.4"
    "@biomejs/cli-darwin-x64": "npm:1.9.4"
    "@biomejs/cli-linux-arm64": "npm:1.9.4"
    "@biomejs/cli-linux-arm64-musl": "npm:1.9.4"
    "@biomejs/cli-linux-x64": "npm:1.9.4"
    "@biomejs/cli-linux-x64-musl": "npm:1.9.4"
    "@biomejs/cli-win32-arm64": "npm:1.9.4"
    "@biomejs/cli-win32-x64": "npm:1.9.4"
  dependenciesMeta:
    "@biomejs/cli-darwin-arm64":
      optional: true
    "@biomejs/cli-darwin-x64":
      optional: true
    "@biomejs/cli-linux-arm64":
      optional: true
    "@biomejs/cli-linux-arm64-musl":
      optional: true
    "@biomejs/cli-linux-x64":
      optional: true
    "@biomejs/cli-linux-x64-musl":
      optional: true
    "@biomejs/cli-win32-arm64":
      optional: true
    "@biomejs/cli-win32-x64":
      optional: true
  bin:
    biome: bin/biome
  checksum: 10c0/b5655c5aed9a6fffe24f7d04f15ba4444389d0e891c9ed9106fab7388ac9b4be63185852cc2a937b22940dac3e550b71032a4afd306925cfea436c33e5646b3e
  languageName: node
  linkType: hard

"@biomejs/cli-darwin-arm64@npm:1.9.4":
  version: 1.9.4
  resolution: "@biomejs/cli-darwin-arm64@npm:1.9.4"
  conditions: os=darwin & cpu=arm64
  languageName: node
  linkType: hard

"@biomejs/cli-darwin-x64@npm:1.9.4":
  version: 1.9.4
  resolution: "@biomejs/cli-darwin-x64@npm:1.9.4"
  conditions: os=darwin & cpu=x64
  languageName: node
  linkType: hard

"@biomejs/cli-linux-arm64-musl@npm:1.9.4":
  version: 1.9.4
  resolution: "@biomejs/cli-linux-arm64-musl@npm:1.9.4"
  conditions: os=linux & cpu=arm64 & libc=musl
  languageName: node
  linkType: hard

"@biomejs/cli-linux-arm64@npm:1.9.4":
  version: 1.9.4
  resolution: "@biomejs/cli-linux-arm64@npm:1.9.4"
  conditions: os=linux & cpu=arm64 & libc=glibc
  languageName: node
  linkType: hard

"@biomejs/cli-linux-x64-musl@npm:1.9.4":
  version: 1.9.4
  resolution: "@biomejs/cli-linux-x64-musl@npm:1.9.4"
  conditions: os=linux & cpu=x64 & libc=musl
  languageName: node
  linkType: hard

"@biomejs/cli-linux-x64@npm:1.9.4":
  version: 1.9.4
  resolution: "@biomejs/cli-linux-x64@npm:1.9.4"
  conditions: os=linux & cpu=x64 & libc=glibc
  languageName: node
  linkType: hard

"@biomejs/cli-win32-arm64@npm:1.9.4":
  version: 1.9.4
  resolution: "@biomejs/cli-win32-arm64@npm:1.9.4"
  conditions: os=win32 & cpu=arm64
  languageName: node
  linkType: hard

"@biomejs/cli-win32-x64@npm:1.9.4":
  version: 1.9.4
  resolution: "@biomejs/cli-win32-x64@npm:1.9.4"
  conditions: os=win32 & cpu=x64
  languageName: node
  linkType: hard

"@colors/colors@npm:1.5.0":
  version: 1.5.0
  resolution: "@colors/colors@npm:1.5.0"
  checksum: 10c0/eb42729851adca56d19a08e48d5a1e95efd2a32c55ae0323de8119052be0510d4b7a1611f2abcbf28c044a6c11e6b7d38f99fccdad7429300c37a8ea5fb95b44
  languageName: node
  linkType: hard

"@fastify/merge-json-schemas@npm:^0.2.0":
  version: 0.2.1
  resolution: "@fastify/merge-json-schemas@npm:0.2.1"
  dependencies:
    dequal: "npm:^2.0.3"
  checksum: 10c0/dfa884a8f62d53f71de273fdcd0e501b213367767a7d8c522ae87ba6fb571b3eea85175d6e019036d7c0c5419be60305abe54899b9459f76ed5333358699efcb
  languageName: node
  linkType: hard

"@minimistjs/subarg@npm:^1.0.0":
  version: 1.0.0
  resolution: "@minimistjs/subarg@npm:1.0.0"
  dependencies:
    minimist: "npm:^1.1.0"
  checksum: 10c0/5b1d5cbf703ca316fdb0f1f52d3c17bd74a691a685c09a245d3f0be9681329ef92060e2e91f19f33973e67993868e002aba7268a9b8be679e0391c9171f0f858
  languageName: node
  linkType: hard

"@types/autocannon@npm:^7.12.6":
  version: 7.12.6
  resolution: "@types/autocannon@npm:7.12.6"
  dependencies:
    "@types/node": "npm:*"
  checksum: 10c0/e469971c2f06465e2dc3b7094a125bd67c5e996065e104c121188823ec3bb912c476640f4c77d53233e1b4f47f89e4abf2a67bb18abb1c1967f92af3a56d565a
  languageName: node
  linkType: hard

"@types/node@npm:*":
  version: 22.13.0
  resolution: "@types/node@npm:22.13.0"
  dependencies:
    undici-types: "npm:~6.20.0"
  checksum: 10c0/9cf6358b2863ae7bf9588ca1cc3d87f6a6289c3880e95a046a188760666870e2c12502df8b0a473bec8aa8ffee85e025d60382a6104b10f197120793235b2c22
  languageName: node
  linkType: hard

"@types/node@npm:^22.12.0":
  version: 22.12.0
  resolution: "@types/node@npm:22.12.0"
  dependencies:
    undici-types: "npm:~6.20.0"
  checksum: 10c0/be220706732d95db2ed1c441c1e64cab90bf9a47519ce6f4c79cc5a9ec9d5c517131a149a9ac30afac1a30103e67e3a00d453ba7c1b0141608a3a7ba6397c303
  languageName: node
  linkType: hard

"ajv-formats@npm:^3.0.1":
  version: 3.0.1
  resolution: "ajv-formats@npm:3.0.1"
  dependencies:
    ajv: "npm:^8.0.0"
  peerDependencies:
    ajv: ^8.0.0
  peerDependenciesMeta:
    ajv:
      optional: true
  checksum: 10c0/168d6bca1ea9f163b41c8147bae537e67bd963357a5488a1eaf3abe8baa8eec806d4e45f15b10767e6020679315c7e1e5e6803088dfb84efa2b4e9353b83dd0a
  languageName: node
  linkType: hard

"ajv@npm:^8.0.0, ajv@npm:^8.12.0":
  version: 8.17.1
  resolution: "ajv@npm:8.17.1"
  dependencies:
    fast-deep-equal: "npm:^3.1.3"
    fast-uri: "npm:^3.0.1"
    json-schema-traverse: "npm:^1.0.0"
    require-from-string: "npm:^2.0.2"
  checksum: 10c0/ec3ba10a573c6b60f94639ffc53526275917a2df6810e4ab5a6b959d87459f9ef3f00d5e7865b82677cb7d21590355b34da14d1d0b9c32d75f95a187e76fff35
  languageName: node
  linkType: hard

"ansi-regex@npm:^5.0.1":
  version: 5.0.1
  resolution: "ansi-regex@npm:5.0.1"
  checksum: 10c0/9a64bb8627b434ba9327b60c027742e5d17ac69277960d041898596271d992d4d52ba7267a63ca10232e29f6107fc8a835f6ce8d719b88c5f8493f8254813737
  languageName: node
  linkType: hard

"ansi-styles@npm:^4.1.0":
  version: 4.3.0
  resolution: "ansi-styles@npm:4.3.0"
  dependencies:
    color-convert: "npm:^2.0.1"
  checksum: 10c0/895a23929da416f2bd3de7e9cb4eabd340949328ab85ddd6e484a637d8f6820d485f53933446f5291c3b760cbc488beb8e88573dd0f9c7daf83dccc8fe81b041
  languageName: node
  linkType: hard

"asynckit@npm:^0.4.0":
  version: 0.4.0
  resolution: "asynckit@npm:0.4.0"
  checksum: 10c0/d73e2ddf20c4eb9337e1b3df1a0f6159481050a5de457c55b14ea2e5cb6d90bb69e004c9af54737a5ee0917fcf2c9e25de67777bbe58261847846066ba75bc9d
  languageName: node
  linkType: hard

"atomic-sleep@npm:^1.0.0":
  version: 1.0.0
  resolution: "atomic-sleep@npm:1.0.0"
  checksum: 10c0/e329a6665512736a9bbb073e1761b4ec102f7926cce35037753146a9db9c8104f5044c1662e4a863576ce544fb8be27cd2be6bc8c1a40147d03f31eb1cfb6e8a
  languageName: node
  linkType: hard

"autocannon@npm:^8.0.0":
  version: 8.0.0
  resolution: "autocannon@npm:8.0.0"
  dependencies:
    "@minimistjs/subarg": "npm:^1.0.0"
    chalk: "npm:^4.1.0"
    char-spinner: "npm:^1.0.1"
    cli-table3: "npm:^0.6.0"
    color-support: "npm:^1.1.1"
    cross-argv: "npm:^2.0.0"
    form-data: "npm:^4.0.0"
    has-async-hooks: "npm:^1.0.0"
    hdr-histogram-js: "npm:^3.0.0"
    hdr-histogram-percentiles-obj: "npm:^3.0.0"
    http-parser-js: "npm:^0.5.2"
    hyperid: "npm:^3.0.0"
    lodash.chunk: "npm:^4.2.0"
    lodash.clonedeep: "npm:^4.5.0"
    lodash.flatten: "npm:^4.4.0"
    manage-path: "npm:^2.0.0"
    on-net-listen: "npm:^1.1.1"
    pretty-bytes: "npm:^5.4.1"
    progress: "npm:^2.0.3"
    reinterval: "npm:^1.1.0"
    retimer: "npm:^3.0.0"
    semver: "npm:^7.3.2"
    timestring: "npm:^6.0.0"
  bin:
    autocannon: autocannon.js
  checksum: 10c0/5b6bef44ad040b2e482d01a675136b465b4304e581b3d3caec4e3fa0a73435e102085fb3fdcb4c0eed1d91fa269694f1f0ce2a383139b9d82cfd7e871d247b87
  languageName: node
  linkType: hard

"base64-js@npm:^1.2.0, base64-js@npm:^1.3.1":
  version: 1.5.1
  resolution: "base64-js@npm:1.5.1"
  checksum: 10c0/f23823513b63173a001030fae4f2dabe283b99a9d324ade3ad3d148e218134676f1ee8568c877cd79ec1c53158dcf2d2ba527a97c606618928ba99dd930102bf
  languageName: node
  linkType: hard

"buffer@npm:^5.2.1":
  version: 5.7.1
  resolution: "buffer@npm:5.7.1"
  dependencies:
    base64-js: "npm:^1.3.1"
    ieee754: "npm:^1.1.13"
  checksum: 10c0/27cac81cff434ed2876058d72e7c4789d11ff1120ef32c9de48f59eab58179b66710c488987d295ae89a228f835fc66d088652dffeb8e3ba8659f80eb091d55e
  languageName: node
  linkType: hard

"chalk@npm:^4.1.0":
  version: 4.1.2
  resolution: "chalk@npm:4.1.2"
  dependencies:
    ansi-styles: "npm:^4.1.0"
    supports-color: "npm:^7.1.0"
  checksum: 10c0/4a3fef5cc34975c898ffe77141450f679721df9dde00f6c304353fa9c8b571929123b26a0e4617bde5018977eb655b31970c297b91b63ee83bb82aeb04666880
  languageName: node
  linkType: hard

"char-spinner@npm:^1.0.1":
  version: 1.0.1
  resolution: "char-spinner@npm:1.0.1"
  checksum: 10c0/59589cfb84d08605f511bc2e18aaa8a92a77b94c78413583838c390eb3c0da4cf1af1901a6f21bf7ac6b6f12521895814e8d5bbf0a7e53e202f830deb80b1a2e
  languageName: node
  linkType: hard

"cli-table3@npm:^0.6.0":
  version: 0.6.5
  resolution: "cli-table3@npm:0.6.5"
  dependencies:
    "@colors/colors": "npm:1.5.0"
    string-width: "npm:^4.2.0"
  dependenciesMeta:
    "@colors/colors":
      optional: true
  checksum: 10c0/d7cc9ed12212ae68241cc7a3133c52b844113b17856e11f4f81308acc3febcea7cc9fd298e70933e294dd642866b29fd5d113c2c098948701d0c35f09455de78
  languageName: node
  linkType: hard

"color-convert@npm:^2.0.1":
  version: 2.0.1
  resolution: "color-convert@npm:2.0.1"
  dependencies:
    color-name: "npm:~1.1.4"
  checksum: 10c0/37e1150172f2e311fe1b2df62c6293a342ee7380da7b9cfdba67ea539909afbd74da27033208d01d6d5cfc65ee7868a22e18d7e7648e004425441c0f8a15a7d7
  languageName: node
  linkType: hard

"color-name@npm:~1.1.4":
  version: 1.1.4
  resolution: "color-name@npm:1.1.4"
  checksum: 10c0/a1a3f914156960902f46f7f56bc62effc6c94e84b2cae157a526b1c1f74b677a47ec602bf68a61abfa2b42d15b7c5651c6dbe72a43af720bc588dff885b10f95
  languageName: node
  linkType: hard

"color-support@npm:^1.1.1":
  version: 1.1.3
  resolution: "color-support@npm:1.1.3"
  bin:
    color-support: bin.js
  checksum: 10c0/8ffeaa270a784dc382f62d9be0a98581db43e11eee301af14734a6d089bd456478b1a8b3e7db7ca7dc5b18a75f828f775c44074020b51c05fc00e6d0992b1cc6
  languageName: node
  linkType: hard

"combined-stream@npm:^1.0.8":
  version: 1.0.8
  resolution: "combined-stream@npm:1.0.8"
  dependencies:
    delayed-stream: "npm:~1.0.0"
  checksum: 10c0/0dbb829577e1b1e839fa82b40c07ffaf7de8a09b935cadd355a73652ae70a88b4320db322f6634a4ad93424292fa80973ac6480986247f1734a1137debf271d5
  languageName: node
  linkType: hard

"cross-argv@npm:^2.0.0":
  version: 2.0.0
  resolution: "cross-argv@npm:2.0.0"
  checksum: 10c0/6ac40b066fcca358f5249f276527370343bec0efbf752627f8aec67bc5da09bc4e23981384318252f99c6952026aa8ee220a02defdfb498f9c5c10b868eda4ff
  languageName: node
  linkType: hard

"delayed-stream@npm:~1.0.0":
  version: 1.0.0
  resolution: "delayed-stream@npm:1.0.0"
  checksum: 10c0/d758899da03392e6712f042bec80aa293bbe9e9ff1b2634baae6a360113e708b91326594c8a486d475c69d6259afb7efacdc3537bfcda1c6c648e390ce601b19
  languageName: node
  linkType: hard

"dequal@npm:^2.0.3":
  version: 2.0.3
  resolution: "dequal@npm:2.0.3"
  checksum: 10c0/f98860cdf58b64991ae10205137c0e97d384c3a4edc7f807603887b7c4b850af1224a33d88012009f150861cbee4fa2d322c4cc04b9313bee312e47f6ecaa888
  languageName: node
  linkType: hard

"emoji-regex@npm:^8.0.0":
  version: 8.0.0
  resolution: "emoji-regex@npm:8.0.0"
  checksum: 10c0/b6053ad39951c4cf338f9092d7bfba448cdfd46fe6a2a034700b149ac9ffbc137e361cbd3c442297f86bed2e5f7576c1b54cc0a6bf8ef5106cc62f496af35010
  languageName: node
  linkType: hard

"fast-deep-equal@npm:^3.1.3":
  version: 3.1.3
  resolution: "fast-deep-equal@npm:3.1.3"
  checksum: 10c0/40dedc862eb8992c54579c66d914635afbec43350afbbe991235fdcb4e3a8d5af1b23ae7e79bef7d4882d0ecee06c3197488026998fb19f72dc95acff1d1b1d0
  languageName: node
  linkType: hard

"fast-json-stringify@npm:^6.0.1":
  version: 6.0.1
  resolution: "fast-json-stringify@npm:6.0.1"
  dependencies:
    "@fastify/merge-json-schemas": "npm:^0.2.0"
    ajv: "npm:^8.12.0"
    ajv-formats: "npm:^3.0.1"
    fast-uri: "npm:^3.0.0"
    json-schema-ref-resolver: "npm:^2.0.0"
    rfdc: "npm:^1.2.0"
  checksum: 10c0/898aecd164707bced980fef61b0480dd80a47f87674d7643a75a60e5eca346018ba2552de200260030215d89f218d9cd7f342df14eec88ed44d45c81e4aa0eb4
  languageName: node
  linkType: hard

"fast-redact@npm:^3.1.1":
  version: 3.5.0
  resolution: "fast-redact@npm:3.5.0"
  checksum: 10c0/7e2ce4aad6e7535e0775bf12bd3e4f2e53d8051d8b630e0fa9e67f68cb0b0e6070d2f7a94b1d0522ef07e32f7c7cda5755e2b677a6538f1e9070ca053c42343a
  languageName: node
  linkType: hard

"fast-uri@npm:^3.0.0, fast-uri@npm:^3.0.1":
  version: 3.0.6
  resolution: "fast-uri@npm:3.0.6"
  checksum: 10c0/74a513c2af0584448aee71ce56005185f81239eab7a2343110e5bad50c39ad4fb19c5a6f99783ead1cac7ccaf3461a6034fda89fffa2b30b6d99b9f21c2f9d29
  languageName: node
  linkType: hard

"fireball@workspace:.":
  version: 0.0.0-use.local
  resolution: "fireball@workspace:."
  dependencies:
    "@biomejs/biome": "npm:1.9.4"
    "@types/autocannon": "npm:^7.12.6"
    "@types/node": "npm:^22.12.0"
    autocannon: "npm:^8.0.0"
    fast-json-stringify: "npm:^6.0.1"
    pino: "npm:^9.6.0"
    typescript: "npm:^5.7.3"
  peerDependencies:
    pino: ">=9"
  peerDependenciesMeta:
    pino:
      optional: true
  languageName: unknown
  linkType: soft

"form-data@npm:^4.0.0":
  version: 4.0.1
  resolution: "form-data@npm:4.0.1"
  dependencies:
    asynckit: "npm:^0.4.0"
    combined-stream: "npm:^1.0.8"
    mime-types: "npm:^2.1.12"
  checksum: 10c0/bb102d570be8592c23f4ea72d7df9daa50c7792eb0cf1c5d7e506c1706e7426a4e4ae48a35b109e91c85f1c0ec63774a21ae252b66f4eb981cb8efef7d0463c8
  languageName: node
  linkType: hard

"has-async-hooks@npm:^1.0.0":
  version: 1.0.0
  resolution: "has-async-hooks@npm:1.0.0"
  checksum: 10c0/5846ca4b494a209727c2db0fd0627604bb16fbbcf4d02f331ea18cc6162939d4d67dc7962b570c7e9cfe13cdc550023310480f8dba2c0c5826722225800600bb
  languageName: node
  linkType: hard

"has-flag@npm:^4.0.0":
  version: 4.0.0
  resolution: "has-flag@npm:4.0.0"
  checksum: 10c0/2e789c61b7888d66993e14e8331449e525ef42aac53c627cc53d1c3334e768bcb6abdc4f5f0de1478a25beec6f0bd62c7549058b7ac53e924040d4f301f02fd1
  languageName: node
  linkType: hard

"hdr-histogram-js@npm:^3.0.0":
  version: 3.0.0
  resolution: "hdr-histogram-js@npm:3.0.0"
  dependencies:
    "@assemblyscript/loader": "npm:^0.19.21"
    base64-js: "npm:^1.2.0"
    pako: "npm:^1.0.3"
  checksum: 10c0/bb2ad8810d1a4d011cceeb6bcda3a4988468305243af77b45a61d38113d6cca688b970fd8bd1e3468ea1513a2599b9319b5c101e3b50d0cbb29e26673fa5cb54
  languageName: node
  linkType: hard

"hdr-histogram-percentiles-obj@npm:^3.0.0":
  version: 3.0.0
  resolution: "hdr-histogram-percentiles-obj@npm:3.0.0"
  checksum: 10c0/7b1c90b01bdee22da3b6e1f95fdbe186ceb6875a53340c3615f6e9899ee5d4bc6624a0fe67a15b0e59ccddca8d3b835911214285a77fa22a04cf64c9e3d64d39
  languageName: node
  linkType: hard

"http-parser-js@npm:^0.5.2":
  version: 0.5.9
  resolution: "http-parser-js@npm:0.5.9"
  checksum: 10c0/25aac1096b5270e69b1f6c850c8d4363c1e8b5711f97109cf65d44ecf5dfe3438811036a9b4d4f432474a2519ac46e8feb1a7b6be6e292a956e63bdad12583fb
  languageName: node
  linkType: hard

"hyperid@npm:^3.0.0":
  version: 3.3.0
  resolution: "hyperid@npm:3.3.0"
  dependencies:
    buffer: "npm:^5.2.1"
    uuid: "npm:^8.3.2"
    uuid-parse: "npm:^1.1.0"
  checksum: 10c0/709dafd2a25e21086a2d881adb3436a16eafd28692ebd967829ca1d5f10adf001925feb23b6aadfee464ea313d851e7ba7a5452869aaf6cde15e9149793a09e0
  languageName: node
  linkType: hard

"ieee754@npm:^1.1.13":
  version: 1.2.1
  resolution: "ieee754@npm:1.2.1"
  checksum: 10c0/b0782ef5e0935b9f12883a2e2aa37baa75da6e66ce6515c168697b42160807d9330de9a32ec1ed73149aea02e0d822e572bca6f1e22bdcbd2149e13b050b17bb
  languageName: node
  linkType: hard

"is-fullwidth-code-point@npm:^3.0.0":
  version: 3.0.0
  resolution: "is-fullwidth-code-point@npm:3.0.0"
  checksum: 10c0/bb11d825e049f38e04c06373a8d72782eee0205bda9d908cc550ccb3c59b99d750ff9537982e01733c1c94a58e35400661f57042158ff5e8f3e90cf936daf0fc
  languageName: node
  linkType: hard

"json-schema-ref-resolver@npm:^2.0.0":
  version: 2.0.1
  resolution: "json-schema-ref-resolver@npm:2.0.1"
  dependencies:
    dequal: "npm:^2.0.3"
  checksum: 10c0/3ea894d79dd176b4ef31f1a3b7b335447b854780f2bc49af2918de0502d3eabad1889232a7a72c37f1c7ca429acc2eaad940ca5fd25f8ead044d5fecb00e0378
  languageName: node
  linkType: hard

"json-schema-traverse@npm:^1.0.0":
  version: 1.0.0
  resolution: "json-schema-traverse@npm:1.0.0"
  checksum: 10c0/71e30015d7f3d6dc1c316d6298047c8ef98a06d31ad064919976583eb61e1018a60a0067338f0f79cabc00d84af3fcc489bd48ce8a46ea165d9541ba17fb30c6
  languageName: node
  linkType: hard

"lodash.chunk@npm:^4.2.0":
  version: 4.2.0
  resolution: "lodash.chunk@npm:4.2.0"
  checksum: 10c0/f9f99969561ad2f62af1f9a96c5bd0af776f000292b0d8db3126c28eb3b32e210d7c31b49c18d0d7901869bd769057046dc134b60cfa0c2c4ce017823a26bb23
  languageName: node
  linkType: hard

"lodash.clonedeep@npm:^4.5.0":
  version: 4.5.0
  resolution: "lodash.clonedeep@npm:4.5.0"
  checksum: 10c0/2caf0e4808f319d761d2939ee0642fa6867a4bbf2cfce43276698828380756b99d4c4fa226d881655e6ac298dd453fe12a5ec8ba49861777759494c534936985
  languageName: node
  linkType: hard

"lodash.flatten@npm:^4.4.0":
  version: 4.4.0
  resolution: "lodash.flatten@npm:4.4.0"
  checksum: 10c0/97e8f0d6b61fe4723c02ad0c6e67e51784c4a2c48f56ef283483e556ad01594cf9cec9c773e177bbbdbdb5d19e99b09d2487cb6b6e5dc405c2693e93b125bd3a
  languageName: node
  linkType: hard

"manage-path@npm:^2.0.0":
  version: 2.0.0
  resolution: "manage-path@npm:2.0.0"
  checksum: 10c0/3e99cd7f1c3c35b893da6304ee75e2150de59ab1162588593ba8a9f3f5f019a7b83fa059b27aea61bb017cf82aa996e17afd80072660d1f45100a6a82e732071
  languageName: node
  linkType: hard

"mime-db@npm:1.52.0":
  version: 1.52.0
  resolution: "mime-db@npm:1.52.0"
  checksum: 10c0/0557a01deebf45ac5f5777fe7740b2a5c309c6d62d40ceab4e23da9f821899ce7a900b7ac8157d4548ddbb7beffe9abc621250e6d182b0397ec7f10c7b91a5aa
  languageName: node
  linkType: hard

"mime-types@npm:^2.1.12":
  version: 2.1.35
  resolution: "mime-types@npm:2.1.35"
  dependencies:
    mime-db: "npm:1.52.0"
  checksum: 10c0/82fb07ec56d8ff1fc999a84f2f217aa46cb6ed1033fefaabd5785b9a974ed225c90dc72fff460259e66b95b73648596dbcc50d51ed69cdf464af2d237d3149b2
  languageName: node
  linkType: hard

"minimist@npm:^1.1.0":
  version: 1.2.8
  resolution: "minimist@npm:1.2.8"
  checksum: 10c0/19d3fcdca050087b84c2029841a093691a91259a47def2f18222f41e7645a0b7c44ef4b40e88a1e58a40c84d2ef0ee6047c55594d298146d0eb3f6b737c20ce6
  languageName: node
  linkType: hard

"on-exit-leak-free@npm:^2.1.0":
  version: 2.1.2
  resolution: "on-exit-leak-free@npm:2.1.2"
  checksum: 10c0/faea2e1c9d696ecee919026c32be8d6a633a7ac1240b3b87e944a380e8a11dc9c95c4a1f8fb0568de7ab8db3823e790f12bda45296b1d111e341aad3922a0570
  languageName: node
  linkType: hard

"on-net-listen@npm:^1.1.1":
  version: 1.1.2
  resolution: "on-net-listen@npm:1.1.2"
  checksum: 10c0/eaa036215355130db3f261590e15a6d1d9b12a05e3b95ae2103ea6ba34524a6bf8c2a0be2117b6d4b32c7c2ff5b51121a7454e8d2b98f99f1fa9cc1bc785f59d
  languageName: node
  linkType: hard

"pako@npm:^1.0.3":
  version: 1.0.11
  resolution: "pako@npm:1.0.11"
  checksum: 10c0/86dd99d8b34c3930345b8bbeb5e1cd8a05f608eeb40967b293f72fe469d0e9c88b783a8777e4cc7dc7c91ce54c5e93d88ff4b4f060e6ff18408fd21030d9ffbe
  languageName: node
  linkType: hard

"pino-abstract-transport@npm:^2.0.0":
  version: 2.0.0
  resolution: "pino-abstract-transport@npm:2.0.0"
  dependencies:
    split2: "npm:^4.0.0"
  checksum: 10c0/02c05b8f2ffce0d7c774c8e588f61e8b77de8ccb5f8125afd4a7325c9ea0e6af7fb78168999657712ae843e4462bb70ac550dfd6284f930ee57f17f486f25a9f
  languageName: node
  linkType: hard

"pino-std-serializers@npm:^7.0.0":
  version: 7.0.0
  resolution: "pino-std-serializers@npm:7.0.0"
  checksum: 10c0/73e694d542e8de94445a03a98396cf383306de41fd75ecc07085d57ed7a57896198508a0dec6eefad8d701044af21eb27253ccc352586a03cf0d4a0bd25b4133
  languageName: node
  linkType: hard

"pino@npm:^9.6.0":
  version: 9.6.0
  resolution: "pino@npm:9.6.0"
  dependencies:
    atomic-sleep: "npm:^1.0.0"
    fast-redact: "npm:^3.1.1"
    on-exit-leak-free: "npm:^2.1.0"
    pino-abstract-transport: "npm:^2.0.0"
    pino-std-serializers: "npm:^7.0.0"
    process-warning: "npm:^4.0.0"
    quick-format-unescaped: "npm:^4.0.3"
    real-require: "npm:^0.2.0"
    safe-stable-stringify: "npm:^2.3.1"
    sonic-boom: "npm:^4.0.1"
    thread-stream: "npm:^3.0.0"
  bin:
    pino: bin.js
  checksum: 10c0/bcd1e9d9b301bea13b95689ca9ad7105ae9451928fb6c0b67b3e58c5fe37cea1d40665f3d6641e3da00be0bbc17b89031e67abbc8ea6aac6164f399309fd78e7
  languageName: node
  linkType: hard

"pretty-bytes@npm:^5.4.1":
  version: 5.6.0
  resolution: "pretty-bytes@npm:5.6.0"
  checksum: 10c0/f69f494dcc1adda98dbe0e4a36d301e8be8ff99bfde7a637b2ee2820e7cb583b0fc0f3a63b0e3752c01501185a5cf38602c7be60da41bdf84ef5b70e89c370f3
  languageName: node
  linkType: hard

"process-warning@npm:^4.0.0":
  version: 4.0.1
  resolution: "process-warning@npm:4.0.1"
  checksum: 10c0/577a268b9fd5c3d9f6dbb4348220099391d830905642845d591e7ee8b1e45043d98b7b9826a3c1379bdd1686cdfe0f6cf349cb812affc5853b662e6a9896579e
  languageName: node
  linkType: hard

"progress@npm:^2.0.3":
  version: 2.0.3
  resolution: "progress@npm:2.0.3"
  checksum: 10c0/1697e07cb1068055dbe9fe858d242368ff5d2073639e652b75a7eb1f2a1a8d4afd404d719de23c7b48481a6aa0040686310e2dac2f53d776daa2176d3f96369c
  languageName: node
  linkType: hard

"quick-format-unescaped@npm:^4.0.3":
  version: 4.0.4
  resolution: "quick-format-unescaped@npm:4.0.4"
  checksum: 10c0/fe5acc6f775b172ca5b4373df26f7e4fd347975578199e7d74b2ae4077f0af05baa27d231de1e80e8f72d88275ccc6028568a7a8c9ee5e7368ace0e18eff93a4
  languageName: node
  linkType: hard

"real-require@npm:^0.2.0":
  version: 0.2.0
  resolution: "real-require@npm:0.2.0"
  checksum: 10c0/23eea5623642f0477412ef8b91acd3969015a1501ed34992ada0e3af521d3c865bb2fe4cdbfec5fe4b505f6d1ef6a03e5c3652520837a8c3b53decff7e74b6a0
  languageName: node
  linkType: hard

"reinterval@npm:^1.1.0":
  version: 1.1.0
  resolution: "reinterval@npm:1.1.0"
  checksum: 10c0/83ffcd92363acd57feaecfd98819eeeb618a4ebb6db092ee60aafdb592195447648227bf36891c10ccb3959c1fbd0c4fa2cd7cd74460015c664385248c4e0c72
  languageName: node
  linkType: hard

"require-from-string@npm:^2.0.2":
  version: 2.0.2
  resolution: "require-from-string@npm:2.0.2"
  checksum: 10c0/aaa267e0c5b022fc5fd4eef49d8285086b15f2a1c54b28240fdf03599cbd9c26049fee3eab894f2e1f6ca65e513b030a7c264201e3f005601e80c49fb2937ce2
  languageName: node
  linkType: hard

"retimer@npm:^3.0.0":
  version: 3.0.0
  resolution: "retimer@npm:3.0.0"
  checksum: 10c0/dc3e07997c77c2b9113072bc57bcad9898a388a5cdf59a07a9fb3974f1dd8958e371c97ac93eb312b184d63d907faa5430bb5ff859a8b2d285f4db1082beb96a
  languageName: node
  linkType: hard

"rfdc@npm:^1.2.0":
  version: 1.4.1
  resolution: "rfdc@npm:1.4.1"
  checksum: 10c0/4614e4292356cafade0b6031527eea9bc90f2372a22c012313be1dcc69a3b90c7338158b414539be863fa95bfcb2ddcd0587be696841af4e6679d85e62c060c7
  languageName: node
  linkType: hard

"safe-stable-stringify@npm:^2.3.1":
  version: 2.5.0
  resolution: "safe-stable-stringify@npm:2.5.0"
  checksum: 10c0/baea14971858cadd65df23894a40588ed791769db21bafb7fd7608397dbdce9c5aac60748abae9995e0fc37e15f2061980501e012cd48859740796bea2987f49
  languageName: node
  linkType: hard

"semver@npm:^7.3.2":
  version: 7.7.0
  resolution: "semver@npm:7.7.0"
  bin:
    semver: bin/semver.js
  checksum: 10c0/bcd1c03209b4be7d8ca86c976a0410beba7d4ec1d49d846a4be154b958db1ff5eaee50760c1d4f4070b19dee3236b8672d3e09642c53ea23740398bba2538a2d
  languageName: node
  linkType: hard

"sonic-boom@npm:^4.0.1":
  version: 4.2.0
  resolution: "sonic-boom@npm:4.2.0"
  dependencies:
    atomic-sleep: "npm:^1.0.0"
  checksum: 10c0/ae897e6c2cd6d3cb7cdcf608bc182393b19c61c9413a85ce33ffd25891485589f39bece0db1de24381d0a38fc03d08c9862ded0c60f184f1b852f51f97af9684
  languageName: node
  linkType: hard

"split2@npm:^4.0.0":
  version: 4.2.0
  resolution: "split2@npm:4.2.0"
  checksum: 10c0/b292beb8ce9215f8c642bb68be6249c5a4c7f332fc8ecadae7be5cbdf1ea95addc95f0459ef2e7ad9d45fd1064698a097e4eb211c83e772b49bc0ee423e91534
  languageName: node
  linkType: hard

"string-width@npm:^4.2.0":
  version: 4.2.3
  resolution: "string-width@npm:4.2.3"
  dependencies:
    emoji-regex: "npm:^8.0.0"
    is-fullwidth-code-point: "npm:^3.0.0"
    strip-ansi: "npm:^6.0.1"
  checksum: 10c0/1e525e92e5eae0afd7454086eed9c818ee84374bb80328fc41217ae72ff5f065ef1c9d7f72da41de40c75fa8bb3dee63d92373fd492c84260a552c636392a47b
  languageName: node
  linkType: hard

"strip-ansi@npm:^6.0.1":
  version: 6.0.1
  resolution: "strip-ansi@npm:6.0.1"
  dependencies:
    ansi-regex: "npm:^5.0.1"
  checksum: 10c0/1ae5f212a126fe5b167707f716942490e3933085a5ff6c008ab97ab2f272c8025d3aa218b7bd6ab25729ca20cc81cddb252102f8751e13482a5199e873680952
  languageName: node
  linkType: hard

"supports-color@npm:^7.1.0":
  version: 7.2.0
  resolution: "supports-color@npm:7.2.0"
  dependencies:
    has-flag: "npm:^4.0.0"
  checksum: 10c0/afb4c88521b8b136b5f5f95160c98dee7243dc79d5432db7efc27efb219385bbc7d9427398e43dd6cc730a0f87d5085ce1652af7efbe391327bc0a7d0f7fc124
  languageName: node
  linkType: hard

"thread-stream@npm:^3.0.0":
  version: 3.1.0
  resolution: "thread-stream@npm:3.1.0"
  dependencies:
    real-require: "npm:^0.2.0"
  checksum: 10c0/c36118379940b77a6ef3e6f4d5dd31e97b8210c3f7b9a54eb8fe6358ab173f6d0acfaf69b9c3db024b948c0c5fd2a7df93e2e49151af02076b35ada3205ec9a6
  languageName: node
  linkType: hard

"timestring@npm:^6.0.0":
  version: 6.0.0
  resolution: "timestring@npm:6.0.0"
  checksum: 10c0/753688c0f6ebdec5af6a77a01ad85b5fd868d04d2d1e7510bb23b2554236ea400f008b0b358a54f148c2aa0cf517494e786f20b61d8a7477d7fa4438f33bf84e
  languageName: node
  linkType: hard

"typescript@npm:^5.7.3":
  version: 5.7.3
  resolution: "typescript@npm:5.7.3"
  bin:
    tsc: bin/tsc
    tsserver: bin/tsserver
  checksum: 10c0/b7580d716cf1824736cc6e628ab4cd8b51877408ba2be0869d2866da35ef8366dd6ae9eb9d0851470a39be17cbd61df1126f9e211d8799d764ea7431d5435afa
  languageName: node
  linkType: hard

"typescript@patch:typescript@npm%3A^5.7.3#optional!builtin<compat/typescript>":
  version: 5.7.3
  resolution: "typescript@patch:typescript@npm%3A5.7.3#optional!builtin<compat/typescript>::version=5.7.3&hash=5786d5"
  bin:
    tsc: bin/tsc
    tsserver: bin/tsserver
  checksum: 10c0/6fd7e0ed3bf23a81246878c613423730c40e8bdbfec4c6e4d7bf1b847cbb39076e56ad5f50aa9d7ebd89877999abaee216002d3f2818885e41c907caaa192cc4
  languageName: node
  linkType: hard

"undici-types@npm:~6.20.0":
  version: 6.20.0
  resolution: "undici-types@npm:6.20.0"
  checksum: 10c0/68e659a98898d6a836a9a59e6adf14a5d799707f5ea629433e025ac90d239f75e408e2e5ff086afc3cace26f8b26ee52155293564593fbb4a2f666af57fc59bf
  languageName: node
  linkType: hard

"uuid-parse@npm:^1.1.0":
  version: 1.1.0
  resolution: "uuid-parse@npm:1.1.0"
  checksum: 10c0/513d5b0407b8929c54d452e8e286a1f6f00d40a2ebf6607fc7297b9caa40eee35230dcc4ce3f178f84d89704e8147e24d1a33d680a8afb7e12a5700714db7f51
  languageName: node
  linkType: hard

"uuid@npm:^8.3.2":
  version: 8.3.2
  resolution: "uuid@npm:8.3.2"
  bin:
    uuid: dist/bin/uuid
  checksum: 10c0/bcbb807a917d374a49f475fae2e87fdca7da5e5530820ef53f65ba1d12131bd81a92ecf259cc7ce317cbe0f289e7d79fdfebcef9bfa3087c8c8a2fa304c9be54
  languageName: node
  linkType: hard
